
Microsoft Visual Studio Solution File, Format Version 12.00
# Visual Studio Version 17
VisualStudioVersion = 17.0.31825.309
MinimumVisualStudioVersion = 10.0.40219.1
Project("{9A19103F-16F7-4668-BE54-9A1E7A4F7556}") = "WeatherApiSimple", "WeatherApiSimple\WeatherApiSimple.csproj", "{83E828AB-6C9D-432F-8232-018757A6B551}"
EndProject
Project("{9A19103F-16F7-4668-BE54-9A1E7A4F7556}") = "WeatherApiUsingQuery", "WeatherApiUsingQuery\WeatherApiUsingQuery.csproj", "{C6097D75-614D-467D-BDEA-F4D2FC8AD6CD}"
EndProject
Project("{9A19103F-16F7-4668-BE54-9A1E7A4F7556}") = "WeatherApiUsingQueryWithParams", "WeatherApiUsingQueryWithParams\WeatherApiUsingQueryWithParams.csproj", "{366FCECD-7375-4D49-8B04-FD10DEEE4208}"
EndProject
Project("{9A19103F-16F7-4668-BE54-9A1E7A4F7556}") = "WeatherApiUsingDto", "WeatherApiUsingDto\WeatherApiUsingDto.csproj", "{9D37E113-5CAE-44B5-A503-5633B734A219}"
EndProject
Global
	GlobalSection(SolutionConfigurationPlatforms) = preSolution
		Debug|Any CPU = Debug|Any CPU
		Release|Any CPU = Release|Any CPU
	EndGlobalSection
	GlobalSection(ProjectConfigurationPlatforms) = postSolution
		{83E828AB-6C9D-432F-8232-018757A6B551}.Debug|Any CPU.ActiveCfg = Debug|Any CPU
		{83E828AB-6C9D-432F-8232-018757A6B551}.Debug|Any CPU.Build.0 = Debug|Any CPU
		{83E828AB-6C9D-432F-8232-018757A6B551}.Release|Any CPU.ActiveCfg = Release|Any CPU
		{83E828AB-6C9D-432F-8232-018757A6B551}.Release|Any CPU.Build.0 = Release|Any CPU
		{C6097D75-614D-467D-BDEA-F4D2FC8AD6CD}.Debug|Any CPU.ActiveCfg = Debug|Any CPU
		{C6097D75-614D-467D-BDEA-F4D2FC8AD6CD}.Debug|Any CPU.Build.0 = Debug|Any CPU
		{C6097D75-614D-467D-BDEA-F4D2FC8AD6CD}.Release|Any CPU.ActiveCfg = Release|Any CPU
		{C6097D75-614D-467D-BDEA-F4D2FC8AD6CD}.Release|Any CPU.Build.0 = Release|Any CPU
		{366FCECD-7375-4D49-8B04-FD10DEEE4208}.Debug|Any CPU.ActiveCfg = Debug|Any CPU
		{366FCECD-7375-4D49-8B04-FD10DEEE4208}.Debug|Any CPU.Build.0 = Debug|Any CPU
		{366FCECD-7375-4D49-8B04-FD10DEEE4208}.Release|Any CPU.ActiveCfg = Release|Any CPU
		{366FCECD-7375-4D49-8B04-FD10DEEE4208}.Release|Any CPU.Build.0 = Release|Any CPU
		{9D37E113-5CAE-44B5-A503-5633B734A219}.Debug|Any CPU.ActiveCfg = Debug|Any CPU
		{9D37E113-5CAE-44B5-A503-5633B734A219}.Debug|Any CPU.Build.0 = Debug|Any CPU
		{9D37E113-5CAE-44B5-A503-5633B734A219}.Release|Any CPU.ActiveCfg = Release|Any CPU
		{9D37E113-5CAE-44B5-A503-5633B734A219}.Release|Any CPU.Build.0 = Release|Any CPU
	EndGlobalSection
	GlobalSection(SolutionProperties) = preSolution
		HideSolutionNode = FALSE
	EndGlobalSection
	GlobalSection(ExtensibilityGlobals) = postSolution
		SolutionGuid = {C775EE3C-7832-4484-B49F-CDF9296D8433}
	EndGlobalSection
EndGlobal
