
Microsoft Visual Studio Solution File, Format Version 12.00
# Visual Studio Version 17
VisualStudioVersion = 17.1.32127.271
MinimumVisualStudioVersion = 10.0.40219.1
Project("{9A19103F-16F7-4668-BE54-9A1E7A4F7556}") = "LoggingAndConfiguration", "LoggingAndConfiguration\LoggingAndConfiguration.csproj", "{46779E0E-A0DC-4F70-8261-0F56916638EB}"
EndProject
Global
	GlobalSection(SolutionConfigurationPlatforms) = preSolution
		Debug|Any CPU = Debug|Any CPU
		Release|Any CPU = Release|Any CPU
	EndGlobalSection
	GlobalSection(ProjectConfigurationPlatforms) = postSolution
		{46779E0E-A0DC-4F70-8261-0F56916638EB}.Debug|Any CPU.ActiveCfg = Debug|Any CPU
		{46779E0E-A0DC-4F70-8261-0F56916638EB}.Debug|Any CPU.Build.0 = Debug|Any CPU
		{46779E0E-A0DC-4F70-8261-0F56916638EB}.Release|Any CPU.ActiveCfg = Release|Any CPU
		{46779E0E-A0DC-4F70-8261-0F56916638EB}.Release|Any CPU.Build.0 = Release|Any CPU
	EndGlobalSection
	GlobalSection(SolutionProperties) = preSolution
		HideSolutionNode = FALSE
	EndGlobalSection
	GlobalSection(ExtensibilityGlobals) = postSolution
		SolutionGuid = {960CF273-0C30-4A42-A692-1F010A282332}
	EndGlobalSection
EndGlobal
